
Microsoft Visual Studio Solution File, Format Version 12.00
# Visual Studio 15
VisualStudioVersion = 15.0.27703.2042
MinimumVisualStudioVersion = 10.0.40219.1
Project("{9A19103F-16F7-4668-BE54-9A1E7A4F7556}") = "Watcher", "Watcher\Watcher.csproj", "{DB080FEB-90C2-4262-8437-01B87B7081A2}"
EndProject
Project("{9A19103F-16F7-4668-BE54-9A1E7A4F7556}") = "Watcher.Core", "Watcher.Core\Watcher.Core.csproj", "{79FC3CC3-0E8E-430F-AB16-8AAB94387299}"
EndProject
Project("{9A19103F-16F7-4668-BE54-9A1E7A4F7556}") = "Watcher.DataAccess", "Watcher.DataAccess\Watcher.DataAccess.csproj", "{9FA05D35-C9F4-4D2F-8E3B-96DD62C1BBFB}"
EndProject
Project("{9A19103F-16F7-4668-BE54-9A1E7A4F7556}") = "Watcher.Common", "Watcher.Common\Watcher.Common.csproj", "{662FA536-63D2-4D52-8293-27D9AFF1F37E}"
EndProject
Project("{9A19103F-16F7-4668-BE54-9A1E7A4F7556}") = "Watcher.Tests", "Watcher.Tests\Watcher.Tests.csproj", "{E8114671-94CB-4600-974D-34EC24BE520B}"
EndProject
Project("{9A19103F-16F7-4668-BE54-9A1E7A4F7556}") = "DataAccumulator.DataAccessLayer", "..\DataAccumulator\DataAccumulator.DataAccessLayer\DataAccumulator.DataAccessLayer.csproj", "{6BAEA851-F472-4217-B22B-DB0DCCC4A848}"
EndProject
Project("{9A19103F-16F7-4668-BE54-9A1E7A4F7556}") = "ServiceBus.Shared", "ServiceBus.Shared\ServiceBus.Shared.csproj", "{C3D113EE-A15B-46B7-9120-BAE8FAA6F088}"
EndProject
Project("{9A19103F-16F7-4668-BE54-9A1E7A4F7556}") = "DataAccumulator.Shared", "..\DataAccumulator\DataAccumulator.Shared\DataAccumulator.Shared.csproj", "{34296563-48F1-4148-B80E-1C58C7225A96}"
EndProject
Global
	GlobalSection(SolutionConfigurationPlatforms) = preSolution
		Debug|Any CPU = Debug|Any CPU
		Release|Any CPU = Release|Any CPU
	EndGlobalSection
	GlobalSection(ProjectConfigurationPlatforms) = postSolution
		{DB080FEB-90C2-4262-8437-01B87B7081A2}.Debug|Any CPU.ActiveCfg = Debug|Any CPU
		{DB080FEB-90C2-4262-8437-01B87B7081A2}.Debug|Any CPU.Build.0 = Debug|Any CPU
		{DB080FEB-90C2-4262-8437-01B87B7081A2}.Release|Any CPU.ActiveCfg = Release|Any CPU
		{DB080FEB-90C2-4262-8437-01B87B7081A2}.Release|Any CPU.Build.0 = Release|Any CPU
		{79FC3CC3-0E8E-430F-AB16-8AAB94387299}.Debug|Any CPU.ActiveCfg = Debug|Any CPU
		{79FC3CC3-0E8E-430F-AB16-8AAB94387299}.Debug|Any CPU.Build.0 = Debug|Any CPU
		{79FC3CC3-0E8E-430F-AB16-8AAB94387299}.Release|Any CPU.ActiveCfg = Release|Any CPU
		{79FC3CC3-0E8E-430F-AB16-8AAB94387299}.Release|Any CPU.Build.0 = Release|Any CPU
		{9FA05D35-C9F4-4D2F-8E3B-96DD62C1BBFB}.Debug|Any CPU.ActiveCfg = Debug|Any CPU
		{9FA05D35-C9F4-4D2F-8E3B-96DD62C1BBFB}.Debug|Any CPU.Build.0 = Debug|Any CPU
		{9FA05D35-C9F4-4D2F-8E3B-96DD62C1BBFB}.Release|Any CPU.ActiveCfg = Release|Any CPU
		{9FA05D35-C9F4-4D2F-8E3B-96DD62C1BBFB}.Release|Any CPU.Build.0 = Release|Any CPU
		{662FA536-63D2-4D52-8293-27D9AFF1F37E}.Debug|Any CPU.ActiveCfg = Debug|Any CPU
		{662FA536-63D2-4D52-8293-27D9AFF1F37E}.Debug|Any CPU.Build.0 = Debug|Any CPU
		{662FA536-63D2-4D52-8293-27D9AFF1F37E}.Release|Any CPU.ActiveCfg = Release|Any CPU
		{662FA536-63D2-4D52-8293-27D9AFF1F37E}.Release|Any CPU.Build.0 = Release|Any CPU
		{E8114671-94CB-4600-974D-34EC24BE520B}.Debug|Any CPU.ActiveCfg = Debug|Any CPU
		{E8114671-94CB-4600-974D-34EC24BE520B}.Debug|Any CPU.Build.0 = Debug|Any CPU
		{E8114671-94CB-4600-974D-34EC24BE520B}.Release|Any CPU.ActiveCfg = Release|Any CPU
		{E8114671-94CB-4600-974D-34EC24BE520B}.Release|Any CPU.Build.0 = Release|Any CPU
		{6BAEA851-F472-4217-B22B-DB0DCCC4A848}.Debug|Any CPU.ActiveCfg = Debug|Any CPU
		{6BAEA851-F472-4217-B22B-DB0DCCC4A848}.Debug|Any CPU.Build.0 = Debug|Any CPU
		{6BAEA851-F472-4217-B22B-DB0DCCC4A848}.Release|Any CPU.ActiveCfg = Release|Any CPU
		{6BAEA851-F472-4217-B22B-DB0DCCC4A848}.Release|Any CPU.Build.0 = Release|Any CPU
		{C3D113EE-A15B-46B7-9120-BAE8FAA6F088}.Debug|Any CPU.ActiveCfg = Debug|Any CPU
		{C3D113EE-A15B-46B7-9120-BAE8FAA6F088}.Debug|Any CPU.Build.0 = Debug|Any CPU
		{C3D113EE-A15B-46B7-9120-BAE8FAA6F088}.Release|Any CPU.ActiveCfg = Release|Any CPU
		{C3D113EE-A15B-46B7-9120-BAE8FAA6F088}.Release|Any CPU.Build.0 = Release|Any CPU
		{34296563-48F1-4148-B80E-1C58C7225A96}.Debug|Any CPU.ActiveCfg = Debug|Any CPU
		{34296563-48F1-4148-B80E-1C58C7225A96}.Debug|Any CPU.Build.0 = Debug|Any CPU
		{34296563-48F1-4148-B80E-1C58C7225A96}.Release|Any CPU.ActiveCfg = Release|Any CPU
		{34296563-48F1-4148-B80E-1C58C7225A96}.Release|Any CPU.Build.0 = Release|Any CPU
	EndGlobalSection
	GlobalSection(SolutionProperties) = preSolution
		HideSolutionNode = FALSE
	EndGlobalSection
	GlobalSection(ExtensibilityGlobals) = postSolution
		SolutionGuid = {4CC5FCD5-2977-4ABC-96BC-44E0B4B31C7A}
	EndGlobalSection
EndGlobal
