
Microsoft Visual Studio Solution File, Format Version 12.00
# Visual Studio 15
VisualStudioVersion = 15.0.27703.2042
MinimumVisualStudioVersion = 10.0.40219.1
Project("{FAE04EC0-301F-11D3-BF4B-00C04F79EFBC}") = "Watcher.Notifications", "Watcher.Notifications\Watcher.Notifications.csproj", "{B24A28C5-2F67-403D-929D-F8D7D6A4E165}"
EndProject
Global
	GlobalSection(SolutionConfigurationPlatforms) = preSolution
		Debug|Any CPU = Debug|Any CPU
		Release|Any CPU = Release|Any CPU
	EndGlobalSection
	GlobalSection(ProjectConfigurationPlatforms) = postSolution
		{B24A28C5-2F67-403D-929D-F8D7D6A4E165}.Debug|Any CPU.ActiveCfg = Debug|Any CPU
		{B24A28C5-2F67-403D-929D-F8D7D6A4E165}.Debug|Any CPU.Build.0 = Debug|Any CPU
		{B24A28C5-2F67-403D-929D-F8D7D6A4E165}.Release|Any CPU.ActiveCfg = Release|Any CPU
		{B24A28C5-2F67-403D-929D-F8D7D6A4E165}.Release|Any CPU.Build.0 = Release|Any CPU
	EndGlobalSection
	GlobalSection(SolutionProperties) = preSolution
		HideSolutionNode = FALSE
	EndGlobalSection
	GlobalSection(ExtensibilityGlobals) = postSolution
		SolutionGuid = {6A2E3ABE-4B24-4EC0-AE56-0EC38DAAE82D}
	EndGlobalSection
EndGlobal
