
Microsoft Visual Studio Solution File, Format Version 12.00
# Visual Studio 15
VisualStudioVersion = 15.0.27703.2042
MinimumVisualStudioVersion = 10.0.40219.1
Project("{9A19103F-16F7-4668-BE54-9A1E7A4F7556}") = "DataCollector", "DataCollector\DataCollector.csproj", "{D06EF284-6BD6-4269-95C2-01F24DFC7CC9}"
EndProject
Global
	GlobalSection(SolutionConfigurationPlatforms) = preSolution
		Debug|Any CPU = Debug|Any CPU
		Debug|x64 = Debug|x64
		Release|Any CPU = Release|Any CPU
		Release|x64 = Release|x64
	EndGlobalSection
	GlobalSection(ProjectConfigurationPlatforms) = postSolution
		{D06EF284-6BD6-4269-95C2-01F24DFC7CC9}.Debug|Any CPU.ActiveCfg = Debug|Any CPU
		{D06EF284-6BD6-4269-95C2-01F24DFC7CC9}.Debug|Any CPU.Build.0 = Debug|Any CPU
		{D06EF284-6BD6-4269-95C2-01F24DFC7CC9}.Debug|x64.ActiveCfg = Debug|x64
		{D06EF284-6BD6-4269-95C2-01F24DFC7CC9}.Debug|x64.Build.0 = Debug|x64
		{D06EF284-6BD6-4269-95C2-01F24DFC7CC9}.Release|Any CPU.ActiveCfg = Release|Any CPU
		{D06EF284-6BD6-4269-95C2-01F24DFC7CC9}.Release|Any CPU.Build.0 = Release|Any CPU
		{D06EF284-6BD6-4269-95C2-01F24DFC7CC9}.Release|x64.ActiveCfg = Release|x64
		{D06EF284-6BD6-4269-95C2-01F24DFC7CC9}.Release|x64.Build.0 = Release|x64
	EndGlobalSection
	GlobalSection(SolutionProperties) = preSolution
		HideSolutionNode = FALSE
	EndGlobalSection
	GlobalSection(ExtensibilityGlobals) = postSolution
		SolutionGuid = {1135CF5D-DC42-4DDB-AB4D-9448F8DCA0B8}
	EndGlobalSection
EndGlobal
